
Microsoft Visual Studio Solution File, Format Version 12.00
# Visual Studio Version 16
VisualStudioVersion = 16.0.30621.155
MinimumVisualStudioVersion = 10.0.40219.1
Project("{9A19103F-16F7-4668-BE54-9A1E7A4F7556}") = "IotHubConsumer", "src\IotHubConsumer\IotHubConsumer.csproj", "{3D198647-0802-4237-A12F-6FDEC67269B5}"
EndProject
Project("{9A19103F-16F7-4668-BE54-9A1E7A4F7556}") = "Device", "src\Device\Device.csproj", "{F614907D-C166-435F-8292-28118209EE41}"
EndProject
Project("{9A19103F-16F7-4668-BE54-9A1E7A4F7556}") = "Testing", "src\Testing\Testing.csproj", "{F737D198-2405-422D-B4C5-A6AC1EE8E877}"
EndProject
Project("{9A19103F-16F7-4668-BE54-9A1E7A4F7556}") = "CrossCutting", "src\CrossCutting\CrossCutting.csproj", "{9F8428AB-B0E8-451C-8EA5-B19F90AA36BF}"
EndProject
Project("{2150E333-8FDC-42A3-9474-1A3956D46DE8}") = "Properties", "src\Properties", "{AAD2697E-6AA3-49A4-B272-0ED4C8969A60}"
	ProjectSection(SolutionItems) = preProject
		src\Properties\appsettings.json = src\Properties\appsettings.json
		src\Properties\appsettings.json.template = src\Properties\appsettings.json.template
	EndProjectSection
EndProject
Global
	GlobalSection(SolutionConfigurationPlatforms) = preSolution
		Debug|Any CPU = Debug|Any CPU
		Release|Any CPU = Release|Any CPU
	EndGlobalSection
	GlobalSection(ProjectConfigurationPlatforms) = postSolution
		{3D198647-0802-4237-A12F-6FDEC67269B5}.Debug|Any CPU.ActiveCfg = Debug|Any CPU
		{3D198647-0802-4237-A12F-6FDEC67269B5}.Debug|Any CPU.Build.0 = Debug|Any CPU
		{3D198647-0802-4237-A12F-6FDEC67269B5}.Release|Any CPU.ActiveCfg = Release|Any CPU
		{3D198647-0802-4237-A12F-6FDEC67269B5}.Release|Any CPU.Build.0 = Release|Any CPU
		{F614907D-C166-435F-8292-28118209EE41}.Debug|Any CPU.ActiveCfg = Debug|Any CPU
		{F614907D-C166-435F-8292-28118209EE41}.Debug|Any CPU.Build.0 = Debug|Any CPU
		{F614907D-C166-435F-8292-28118209EE41}.Release|Any CPU.ActiveCfg = Release|Any CPU
		{F614907D-C166-435F-8292-28118209EE41}.Release|Any CPU.Build.0 = Release|Any CPU
		{F737D198-2405-422D-B4C5-A6AC1EE8E877}.Debug|Any CPU.ActiveCfg = Debug|Any CPU
		{F737D198-2405-422D-B4C5-A6AC1EE8E877}.Debug|Any CPU.Build.0 = Debug|Any CPU
		{F737D198-2405-422D-B4C5-A6AC1EE8E877}.Release|Any CPU.ActiveCfg = Release|Any CPU
		{F737D198-2405-422D-B4C5-A6AC1EE8E877}.Release|Any CPU.Build.0 = Release|Any CPU
		{9F8428AB-B0E8-451C-8EA5-B19F90AA36BF}.Debug|Any CPU.ActiveCfg = Debug|Any CPU
		{9F8428AB-B0E8-451C-8EA5-B19F90AA36BF}.Debug|Any CPU.Build.0 = Debug|Any CPU
		{9F8428AB-B0E8-451C-8EA5-B19F90AA36BF}.Release|Any CPU.ActiveCfg = Release|Any CPU
		{9F8428AB-B0E8-451C-8EA5-B19F90AA36BF}.Release|Any CPU.Build.0 = Release|Any CPU
	EndGlobalSection
	GlobalSection(SolutionProperties) = preSolution
		HideSolutionNode = FALSE
	EndGlobalSection
	GlobalSection(ExtensibilityGlobals) = postSolution
		SolutionGuid = {393567EE-E047-4B28-8243-B50CCF2A8FEF}
	EndGlobalSection
EndGlobal
